// !$*UTF8*$!
{
	archiveVersion = 1;
	classes = {
	};
	objectVersion = 46;
	objects = {

/* Begin PBXBuildFile section */
		4C8781731B297772005D6D91 /* AppDelegate.swift in Sources */ = {isa = PBXBuildFile; fileRef = 4C8781721B297772005D6D91 /* AppDelegate.swift */; };
		4C8781751B297772005D6D91 /* ViewController.swift in Sources */ = {isa = PBXBuildFile; fileRef = 4C8781741B297772005D6D91 /* ViewController.swift */; };
		4C8781781B297772005D6D91 /* Main.storyboard in Resources */ = {isa = PBXBuildFile; fileRef = 4C8781761B297772005D6D91 /* Main.storyboard */; };
		4C87817A1B297772005D6D91 /* Images.xcassets in Resources */ = {isa = PBXBuildFile; fileRef = 4C8781791B297772005D6D91 /* Images.xcassets */; };
		4C87817D1B297772005D6D91 /* LaunchScreen.xib in Resources */ = {isa = PBXBuildFile; fileRef = 4C87817B1B297772005D6D91 /* LaunchScreen.xib */; };
		4C8781891B297772005D6D91 /* Swift______Tests.swift in Sources */ = {isa = PBXBuildFile; fileRef = 4C8781881B297772005D6D91 /* Swift______Tests.swift */; };
/* End PBXBuildFile section */

/* Begin PBXContainerItemProxy section */
		4C8781831B297772005D6D91 /* PBXContainerItemProxy */ = {
			isa = PBXContainerItemProxy;
			containerPortal = 4C8781651B297772005D6D91 /* Project object */;
			proxyType = 1;
			remoteGlobalIDString = 4C87816C1B297772005D6D91;
			remoteInfo = "Swift_基本运算符";
		};
/* End PBXContainerItemProxy section */

/* Begin PBXFileReference section */
		4C87816D1B297772005D6D91 /* Swift_基本运算符.app */ = {isa = PBXFileReference; explicitFileType = wrapper.application; includeInIndex = 0; path = "Swift_基本运算符.app"; sourceTree = BUILT_PRODUCTS_DIR; };
		4C8781711B297772005D6D91 /* Info.plist */ = {isa = PBXFileReference; lastKnownFileType = text.plist.xml; path = Info.plist; sourceTree = "<group>"; };
		4C8781721B297772005D6D91 /* AppDelegate.swift */ = {isa = PBXFileReference; lastKnownFileType = sourcecode.swift; path = AppDelegate.swift; sourceTree = "<group>"; };
		4C8781741B297772005D6D91 /* ViewController.swift */ = {isa = PBXFileReference; lastKnownFileType = sourcecode.swift; path = ViewController.swift; sourceTree = "<group>"; };
		4C8781771B297772005D6D91 /* Base */ = {isa = PBXFileReference; lastKnownFileType = file.storyboard; name = Base; path = Base.lproj/Main.storyboard; sourceTree = "<group>"; };
		4C8781791B297772005D6D91 /* Images.xcassets */ = {isa = PBXFileReference; lastKnownFileType = folder.assetcatalog; path = Images.xcassets; sourceTree = "<group>"; };
		4C87817C1B297772005D6D91 /* Base */ = {isa = PBXFileReference; lastKnownFileType = file.xib; name = Base; path = Base.lproj/LaunchScreen.xib; sourceTree = "<group>"; };
		4C8781821B297772005D6D91 /* Swift_基本运算符Tests.xctest */ = {isa = PBXFileReference; explicitFileType = wrapper.cfbundle; includeInIndex = 0; path = "Swift_基本运算符Tests.xctest"; sourceTree = BUILT_PRODUCTS_DIR; };
		4C8781871B297772005D6D91 /* Info.plist */ = {isa = PBXFileReference; lastKnownFileType = text.plist.xml; path = Info.plist; sourceTree = "<group>"; };
		4C8781881B297772005D6D91 /* Swift______Tests.swift */ = {isa = PBXFileReference; lastKnownFileType = sourcecode.swift; path = "Swift______Tests.swift"; sourceTree = "<group>"; };
/* End PBXFileReference section */

/* Begin PBXFrameworksBuildPhase section */
		4C87816A1B297772005D6D91 /* Frameworks */ = {
			isa = PBXFrameworksBuildPhase;
			buildActionMask = 2147483647;
			files = (
			);
			runOnlyForDeploymentPostprocessing = 0;
		};
		4C87817F1B297772005D6D91 /* Frameworks */ = {
			isa = PBXFrameworksBuildPhase;
			buildActionMask = 2147483647;
			files = (
			);
			runOnlyForDeploymentPostprocessing = 0;
		};
/* End PBXFrameworksBuildPhase section */

/* Begin PBXGroup section */
		4C8781641B297772005D6D91 = {
			isa = PBXGroup;
			children = (
				4C87816F1B297772005D6D91 /* Swift_基本运算符 */,
				4C8781851B297772005D6D91 /* Swift_基本运算符Tests */,
				4C87816E1B297772005D6D91 /* Products */,
			);
			sourceTree = "<group>";
		};
		4C87816E1B297772005D6D91 /* Products */ = {
			isa = PBXGroup;
			children = (
				4C87816D1B297772005D6D91 /* Swift_基本运算符.app */,
				4C8781821B297772005D6D91 /* Swift_基本运算符Tests.xctest */,
			);
			name = Products;
			sourceTree = "<group>";
		};
		4C87816F1B297772005D6D91 /* Swift_基本运算符 */ = {
			isa = PBXGroup;
			children = (
				4C8781721B297772005D6D91 /* AppDelegate.swift */,
				4C8781741B297772005D6D91 /* ViewController.swift */,
				4C8781761B297772005D6D91 /* Main.storyboard */,
				4C8781791B297772005D6D91 /* Images.xcassets */,
				4C87817B1B297772005D6D91 /* LaunchScreen.xib */,
				4C8781701B297772005D6D91 /* Supporting Files */,
			);
			path = "Swift_基本运算符";
			sourceTree = "<group>";
		};
		4C8781701B297772005D6D91 /* Supporting Files */ = {
			isa = PBXGroup;
			children = (
				4C8781711B297772005D6D91 /* Info.plist */,
			);
			name = "Supporting Files";
			sourceTree = "<group>";
		};
		4C8781851B297772005D6D91 /* Swift_基本运算符Tests */ = {
			isa = PBXGroup;
			children = (
				4C8781881B297772005D6D91 /* Swift______Tests.swift */,
				4C8781861B297772005D6D91 /* Supporting Files */,
			);
			path = "Swift_基本运算符Tests";
			sourceTree = "<group>";
		};
		4C8781861B297772005D6D91 /* Supporting Files */ = {
			isa = PBXGroup;
			children = (
				4C8781871B297772005D6D91 /* Info.plist */,
			);
			name = "Supporting Files";
			sourceTree = "<group>";
		};
/* End PBXGroup section */

/* Begin PBXNativeTarget section */
		4C87816C1B297772005D6D91 /* Swift_基本运算符 */ = {
			isa = PBXNativeTarget;
			buildConfigurationList = 4C87818C1B297772005D6D91 /* Build configuration list for PBXNativeTarget "Swift_基本运算符" */;
			buildPhases = (
				4C8781691B297772005D6D91 /* Sources */,
				4C87816A1B297772005D6D91 /* Frameworks */,
				4C87816B1B297772005D6D91 /* Resources */,
			);
			buildRules = (
			);
			dependencies = (
			);
			name = "Swift_基本运算符";
			productName = "Swift_基本运算符";
			productReference = 4C87816D1B297772005D6D91 /* Swift_基本运算符.app */;
			productType = "com.apple.product-type.application";
		};
		4C8781811B297772005D6D91 /* Swift_基本运算符Tests */ = {
			isa = PBXNativeTarget;
			buildConfigurationList = 4C87818F1B297772005D6D91 /* Build configuration list for PBXNativeTarget "Swift_基本运算符Tests" */;
			buildPhases = (
				4C87817E1B297772005D6D91 /* Sources */,
				4C87817F1B297772005D6D91 /* Frameworks */,
				4C8781801B297772005D6D91 /* Resources */,
			);
			buildRules = (
			);
			dependencies = (
				4C8781841B297772005D6D91 /* PBXTargetDependency */,
			);
			name = "Swift_基本运算符Tests";
			productName = "Swift_基本运算符Tests";
			productReference = 4C8781821B297772005D6D91 /* Swift_基本运算符Tests.xctest */;
			productType = "com.apple.product-type.bundle.unit-test";
		};
/* End PBXNativeTarget section */

/* Begin PBXProject section */
		4C8781651B297772005D6D91 /* Project object */ = {
			isa = PBXProject;
			attributes = {
				LastUpgradeCheck = 0630;
				ORGANIZATIONNAME = mc;
				TargetAttributes = {
					4C87816C1B297772005D6D91 = {
						CreatedOnToolsVersion = 6.3.2;
					};
					4C8781811B297772005D6D91 = {
						CreatedOnToolsVersion = 6.3.2;
						TestTargetID = 4C87816C1B297772005D6D91;
					};
				};
			};
			buildConfigurationList = 4C8781681B297772005D6D91 /* Build configuration list for PBXProject "Swift_基本运算符" */;
			compatibilityVersion = "Xcode 3.2";
			developmentRegion = English;
			hasScannedForEncodings = 0;
			knownRegions = (
				en,
				Base,
			);
			mainGroup = 4C8781641B297772005D6D91;
			productRefGroup = 4C87816E1B297772005D6D91 /* Products */;
			projectDirPath = "";
			projectRoot = "";
			targets = (
				4C87816C1B297772005D6D91 /* Swift_基本运算符 */,
				4C8781811B297772005D6D91 /* Swift_基本运算符Tests */,
			);
		};
/* End PBXProject section */

/* Begin PBXResourcesBuildPhase section */
		4C87816B1B297772005D6D91 /* Resources */ = {
			isa = PBXResourcesBuildPhase;
			buildActionMask = 2147483647;
			files = (
				4C8781781B297772005D6D91 /* Main.storyboard in Resources */,
				4C87817D1B297772005D6D91 /* LaunchScreen.xib in Resources */,
				4C87817A1B297772005D6D91 /* Images.xcassets in Resources */,
			);
			runOnlyForDeploymentPostprocessing = 0;
		};
		4C8781801B297772005D6D91 /* Resources */ = {
			isa = PBXResourcesBuildPhase;
			buildActionMask = 2147483647;
			files = (
			);
			runOnlyForDeploymentPostprocessing = 0;
		};
/* End PBXResourcesBuildPhase section */

/* Begin PBXSourcesBuildPhase section */
		4C8781691B297772005D6D91 /* Sources */ = {
			isa = PBXSourcesBuildPhase;
			buildActionMask = 2147483647;
			files = (
				4C8781751B297772005D6D91 /* ViewController.swift in Sources */,
				4C8781731B297772005D6D91 /* AppDelegate.swift in Sources */,
			);
			runOnlyForDeploymentPostprocessing = 0;
		};
		4C87817E1B297772005D6D91 /* Sources */ = {
			isa = PBXSourcesBuildPhase;
			buildActionMask = 2147483647;
			files = (
				4C8781891B297772005D6D91 /* Swift______Tests.swift in Sources */,
			);
			runOnlyForDeploymentPostprocessing = 0;
		};
/* End PBXSourcesBuildPhase section */

/* Begin PBXTargetDependency section */
		4C8781841B297772005D6D91 /* PBXTargetDependency */ = {
			isa = PBXTargetDependency;
			target = 4C87816C1B297772005D6D91 /* Swift_基本运算符 */;
			targetProxy = 4C8781831B297772005D6D91 /* PBXContainerItemProxy */;
		};
/* End PBXTargetDependency section */

/* Begin PBXVariantGroup section */
		4C8781761B297772005D6D91 /* Main.storyboard */ = {
			isa = PBXVariantGroup;
			children = (
				4C8781771B297772005D6D91 /* Base */,
			);
			name = Main.storyboard;
			sourceTree = "<group>";
		};
		4C87817B1B297772005D6D91 /* LaunchScreen.xib */ = {
			isa = PBXVariantGroup;
			children = (
				4C87817C1B297772005D6D91 /* Base */,
			);
			name = LaunchScreen.xib;
			sourceTree = "<group>";
		};
/* End PBXVariantGroup section */

/* Begin XCBuildConfiguration section */
		4C87818A1B297772005D6D91 /* Debug */ = {
			isa = XCBuildConfiguration;
			buildSettings = {
				ALWAYS_SEARCH_USER_PATHS = NO;
				CLANG_CXX_LANGUAGE_STANDARD = "gnu++0x";
				CLANG_CXX_LIBRARY = "libc++";
				CLANG_ENABLE_MODULES = YES;
				CLANG_ENABLE_OBJC_ARC = YES;
				CLANG_WARN_BOOL_CONVERSION = YES;
				CLANG_WARN_CONSTANT_CONVERSION = YES;
				CLANG_WARN_DIRECT_OBJC_ISA_USAGE = YES_ERROR;
				CLANG_WARN_EMPTY_BODY = YES;
				CLANG_WARN_ENUM_CONVERSION = YES;
				CLANG_WARN_INT_CONVERSION = YES;
				CLANG_WARN_OBJC_ROOT_CLASS = YES_ERROR;
				CLANG_WARN_UNREACHABLE_CODE = YES;
				CLANG_WARN__DUPLICATE_METHOD_MATCH = YES;
				"CODE_SIGN_IDENTITY[sdk=iphoneos*]" = "iPhone Developer";
				COPY_PHASE_STRIP = NO;
				DEBUG_INFORMATION_FORMAT = "dwarf-with-dsym";
				ENABLE_STRICT_OBJC_MSGSEND = YES;
				GCC_C_LANGUAGE_STANDARD = gnu99;
				GCC_DYNAMIC_NO_PIC = NO;
				GCC_NO_COMMON_BLOCKS = YES;
				GCC_OPTIMIZATION_LEVEL = 0;
				GCC_PREPROCESSOR_DEFINITIONS = (
					"DEBUG=1",
					"$(inherited)",
				);
				GCC_SYMBOLS_PRIVATE_EXTERN = NO;
				GCC_WARN_64_TO_32_BIT_CONVERSION = YES;
				GCC_WARN_ABOUT_RETURN_TYPE = YES_ERROR;
				GCC_WARN_UNDECLARED_SELECTOR = YES;
				GCC_WARN_UNINITIALIZED_AUTOS = YES_AGGRESSIVE;
				GCC_WARN_UNUSED_FUNCTION = YES;
				GCC_WARN_UNUSED_VARIABLE = YES;
				IPHONEOS_DEPLOYMENT_TARGET = 8.3;
				MTL_ENABLE_DEBUG_INFO = YES;
				ONLY_ACTIVE_ARCH = YES;
				SDKROOT = iphoneos;
				SWIFT_OPTIMIZATION_LEVEL = "-Onone";
			};
			name = Debug;
		};
		4C87818B1B297772005D6D91 /* Release */ = {
			isa = XCBuildConfiguration;
			buildSettings = {
				ALWAYS_SEARCH_USER_PATHS = NO;
				CLANG_CXX_LANGUAGE_STANDARD = "gnu++0x";
				CLANG_CXX_LIBRARY = "libc++";
				CLANG_ENABLE_MODULES = YES;
				CLANG_ENABLE_OBJC_ARC = YES;
				CLANG_WARN_BOOL_CONVERSION = YES;
				CLANG_WARN_CONSTANT_CONVERSION = YES;
				CLANG_WARN_DIRECT_OBJC_ISA_USAGE = YES_ERROR;
				CLANG_WARN_EMPTY_BODY = YES;
				CLANG_WARN_ENUM_CONVERSION = YES;
				CLANG_WARN_INT_CONVERSION = YES;
				CLANG_WARN_OBJC_ROOT_CLASS = YES_ERROR;
				CLANG_WARN_UNREACHABLE_CODE = YES;
				CLANG_WARN__DUPLICATE_METHOD_MATCH = YES;
				"CODE_SIGN_IDENTITY[sdk=iphoneos*]" = "iPhone Developer";
				COPY_PHASE_STRIP = NO;
				DEBUG_INFORMATION_FORMAT = "dwarf-with-dsym";
				ENABLE_NS_ASSERTIONS = NO;
				ENABLE_STRICT_OBJC_MSGSEND = YES;
				GCC_C_LANGUAGE_STANDARD = gnu99;
				GCC_NO_COMMON_BLOCKS = YES;
				GCC_WARN_64_TO_32_BIT_CONVERSION = YES;
				GCC_WARN_ABOUT_RETURN_TYPE = YES_ERROR;
				GCC_WARN_UNDECLARED_SELECTOR = YES;
				GCC_WARN_UNINITIALIZED_AUTOS = YES_AGGRESSIVE;
				GCC_WARN_UNUSED_FUNCTION = YES;
				GCC_WARN_UNUSED_VARIABLE = YES;
				IPHONEOS_DEPLOYMENT_TARGET = 8.3;
				MTL_ENABLE_DEBUG_INFO = NO;
				SDKROOT = iphoneos;
				VALIDATE_PRODUCT = YES;
			};
			name = Release;
		};
		4C87818D1B297772005D6D91 /* Debug */ = {
			isa = XCBuildConfiguration;
			buildSettings = {
				ASSETCATALOG_COMPILER_APPICON_NAME = AppIcon;
				INFOPLIST_FILE = "Swift_基本运算符/Info.plist";
				LD_RUNPATH_SEARCH_PATHS = "$(inherited) @executable_path/Frameworks";
				PRODUCT_NAME = "$(TARGET_NAME)";
			};
			name = Debug;
		};
		4C87818E1B297772005D6D91 /* Release */ = {
			isa = XCBuildConfiguration;
			buildSettings = {
				ASSETCATALOG_COMPILER_APPICON_NAME = AppIcon;
				INFOPLIST_FILE = "Swift_基本运算符/Info.plist";
				LD_RUNPATH_SEARCH_PATHS = "$(inherited) @executable_path/Frameworks";
				PRODUCT_NAME = "$(TARGET_NAME)";
			};
			name = Release;
		};
		4C8781901B297772005D6D91 /* Debug */ = {
			isa = XCBuildConfiguration;
			buildSettings = {
				BUNDLE_LOADER = "$(TEST_HOST)";
				FRAMEWORK_SEARCH_PATHS = (
					"$(SDKROOT)/Developer/Library/Frameworks",
					"$(inherited)",
				);
				GCC_PREPROCESSOR_DEFINITIONS = (
					"DEBUG=1",
					"$(inherited)",
				);
				INFOPLIST_FILE = "Swift_基本运算符Tests/Info.plist";
				LD_RUNPATH_SEARCH_PATHS = "$(inherited) @executable_path/Frameworks @loader_path/Frameworks";
				PRODUCT_NAME = "$(TARGET_NAME)";
				TEST_HOST = "$(BUILT_PRODUCTS_DIR)/Swift_基本运算符.app/Swift_基本运算符";
			};
			name = Debug;
		};
		4C8781911B297772005D6D91 /* Release */ = {
			isa = XCBuildConfiguration;
			buildSettings = {
				BUNDLE_LOADER = "$(TEST_HOST)";
				FRAMEWORK_SEARCH_PATHS = (
					"$(SDKROOT)/Developer/Library/Frameworks",
					"$(inherited)",
				);
				INFOPLIST_FILE = "Swift_基本运算符Tests/Info.plist";
				LD_RUNPATH_SEARCH_PATHS = "$(inherited) @executable_path/Frameworks @loader_path/Frameworks";
				PRODUCT_NAME = "$(TARGET_NAME)";
				TEST_HOST = "$(BUILT_PRODUCTS_DIR)/Swift_基本运算符.app/Swift_基本运算符";
			};
			name = Release;
		};
/* End XCBuildConfiguration section */

/* Begin XCConfigurationList section */
		4C8781681B297772005D6D91 /* Build configuration list for PBXProject "Swift_基本运算符" */ = {
			isa = XCConfigurationList;
			buildConfigurations = (
				4C87818A1B297772005D6D91 /* Debug */,
				4C87818B1B297772005D6D91 /* Release */,
			);
			defaultConfigurationIsVisible = 0;
			defaultConfigurationName = Release;
		};
		4C87818C1B297772005D6D91 /* Build configuration list for PBXNativeTarget "Swift_基本运算符" */ = {
			isa = XCConfigurationList;
			buildConfigurations = (
				4C87818D1B297772005D6D91 /* Debug */,
				4C87818E1B297772005D6D91 /* Release */,
			);
			defaultConfigurationIsVisible = 0;
		};
		4C87818F1B297772005D6D91 /* Build configuration list for PBXNativeTarget "Swift_基本运算符Tests" */ = {
			isa = XCConfigurationList;
			buildConfigurations = (
				4C8781901B297772005D6D91 /* Debug */,
				4C8781911B297772005D6D91 /* Release */,
			);
			defaultConfigurationIsVisible = 0;
		};
/* End XCConfigurationList section */
	};
	rootObject = 4C8781651B297772005D6D91 /* Project object */;
}
